// !$*UTF8*$!
{
	archiveVersion = 1;
	classes = {
	};
	objectVersion = 60;
	objects = {

/* Begin PBXBuildFile section */
		58C8B29A2E098B07003282B8 /* PassioRemodelAISDK in Frameworks */ = {isa = PBXBuildFile; productRef = 58C8B2992E098B07003282B8 /* PassioRemodelAISDK */; };
		9E0EFCEE29A9080A00E62EA1 /* VideoCameraPhotosViewController.xib in Resources */ = {isa = PBXBuildFile; fileRef = 9E0EFCEA29A9080A00E62EA1 /* VideoCameraPhotosViewController.xib */; };
		9E0EFCEF29A9080A00E62EA1 /* VCPTableViewCell.swift in Sources */ = {isa = PBXBuildFile; fileRef = 9E0EFCEB29A9080A00E62EA1 /* VCPTableViewCell.swift */; };
		9E0EFCF029A9080A00E62EA1 /* VCPTableViewCell.xib in Resources */ = {isa = PBXBuildFile; fileRef = 9E0EFCEC29A9080A00E62EA1 /* VCPTableViewCell.xib */; };
		9E0EFCF129A9080A00E62EA1 /* VideoCameraPhotosViewController.swift in Sources */ = {isa = PBXBuildFile; fileRef = 9E0EFCED29A9080A00E62EA1 /* VideoCameraPhotosViewController.swift */; };
		9E655E4A24A5174D00B21355 /* AppDelegate.swift in Sources */ = {isa = PBXBuildFile; fileRef = 9E655E4124A5174D00B21355 /* AppDelegate.swift */; };
		9E9EBEB924A5299A004645EB /* Launch Screen.storyboard in Resources */ = {isa = PBXBuildFile; fileRef = 9E9EBEB724A5299A004645EB /* Launch Screen.storyboard */; };
		9E9EBEBB24A52CBB004645EB /* Assets.xcassets in Resources */ = {isa = PBXBuildFile; fileRef = 9E9EBEBA24A52CBA004645EB /* Assets.xcassets */; };
/* End PBXBuildFile section */

/* Begin PBXContainerItemProxy section */
		9EFAA329262E217F00632EF4 /* PBXContainerItemProxy */ = {
			isa = PBXContainerItemProxy;
			containerPortal = 9E4038A623D7C3BE000E3DFC /* Project object */;
			proxyType = 1;
			remoteGlobalIDString = 9E4038AD23D7C3BE000E3DFC;
			remoteInfo = BaseSDK;
		};
/* End PBXContainerItemProxy section */

/* Begin PBXCopyFilesBuildPhase section */
		9E14532327CE9AFA00D8CB44 /* Embed Frameworks */ = {
			isa = PBXCopyFilesBuildPhase;
			buildActionMask = 2147483647;
			dstPath = "";
			dstSubfolderSpec = 10;
			files = (
			);
			name = "Embed Frameworks";
			runOnlyForDeploymentPostprocessing = 0;
		};
/* End PBXCopyFilesBuildPhase section */

/* Begin PBXFileReference section */
		9E0EFCEA29A9080A00E62EA1 /* VideoCameraPhotosViewController.xib */ = {isa = PBXFileReference; fileEncoding = 4; lastKnownFileType = file.xib; path = VideoCameraPhotosViewController.xib; sourceTree = "<group>"; };
		9E0EFCEB29A9080A00E62EA1 /* VCPTableViewCell.swift */ = {isa = PBXFileReference; fileEncoding = 4; lastKnownFileType = sourcecode.swift; path = VCPTableViewCell.swift; sourceTree = "<group>"; };
		9E0EFCEC29A9080A00E62EA1 /* VCPTableViewCell.xib */ = {isa = PBXFileReference; fileEncoding = 4; lastKnownFileType = file.xib; path = VCPTableViewCell.xib; sourceTree = "<group>"; };
		9E0EFCED29A9080A00E62EA1 /* VideoCameraPhotosViewController.swift */ = {isa = PBXFileReference; fileEncoding = 4; lastKnownFileType = sourcecode.swift; path = VideoCameraPhotosViewController.swift; sourceTree = "<group>"; };
		9E2BA23624A15A6900720B58 /* Info.plist */ = {isa = PBXFileReference; fileEncoding = 4; lastKnownFileType = text.plist.xml; path = Info.plist; sourceTree = "<group>"; };
		9E4038AE23D7C3BE000E3DFC /* SDKApp.app */ = {isa = PBXFileReference; explicitFileType = wrapper.application; includeInIndex = 0; path = SDKApp.app; sourceTree = BUILT_PRODUCTS_DIR; };
		9E655E4124A5174D00B21355 /* AppDelegate.swift */ = {isa = PBXFileReference; fileEncoding = 4; lastKnownFileType = sourcecode.swift; path = AppDelegate.swift; sourceTree = "<group>"; };
		9E9EBEB824A5299A004645EB /* Base */ = {isa = PBXFileReference; lastKnownFileType = file.storyboard; name = Base; path = "Base.lproj/Launch Screen.storyboard"; sourceTree = "<group>"; };
		9E9EBEBA24A52CBA004645EB /* Assets.xcassets */ = {isa = PBXFileReference; lastKnownFileType = folder.assetcatalog; path = Assets.xcassets; sourceTree = "<group>"; };
		9EFAA324262E217F00632EF4 /* SDKAppTests.xctest */ = {isa = PBXFileReference; explicitFileType = wrapper.cfbundle; includeInIndex = 0; path = SDKAppTests.xctest; sourceTree = BUILT_PRODUCTS_DIR; };
/* End PBXFileReference section */

/* Begin PBXFrameworksBuildPhase section */
		9E4038AB23D7C3BE000E3DFC /* Frameworks */ = {
			isa = PBXFrameworksBuildPhase;
			buildActionMask = 2147483647;
			files = (
				58C8B29A2E098B07003282B8 /* PassioRemodelAISDK in Frameworks */,
			);
			runOnlyForDeploymentPostprocessing = 0;
		};
		9EFAA321262E217F00632EF4 /* Frameworks */ = {
			isa = PBXFrameworksBuildPhase;
			buildActionMask = 2147483647;
			files = (
			);
			runOnlyForDeploymentPostprocessing = 0;
		};
/* End PBXFrameworksBuildPhase section */

/* Begin PBXGroup section */
		6C929648C55FAF3D22080B51 /* Frameworks */ = {
			isa = PBXGroup;
			children = (
			);
			name = Frameworks;
			sourceTree = "<group>";
		};
		9E0EFCE929A9080A00E62EA1 /* VideoCameraPhotos */ = {
			isa = PBXGroup;
			children = (
				9E0EFCEA29A9080A00E62EA1 /* VideoCameraPhotosViewController.xib */,
				9E0EFCED29A9080A00E62EA1 /* VideoCameraPhotosViewController.swift */,
				9E0EFCEB29A9080A00E62EA1 /* VCPTableViewCell.swift */,
				9E0EFCEC29A9080A00E62EA1 /* VCPTableViewCell.xib */,
			);
			path = VideoCameraPhotos;
			sourceTree = "<group>";
		};
		9E4038A523D7C3BE000E3DFC = {
			isa = PBXGroup;
			children = (
				9E655E3624A5174D00B21355 /* BaseSDK */,
				9E4038AF23D7C3BE000E3DFC /* Products */,
				6C929648C55FAF3D22080B51 /* Frameworks */,
			);
			sourceTree = "<group>";
		};
		9E4038AF23D7C3BE000E3DFC /* Products */ = {
			isa = PBXGroup;
			children = (
				9E4038AE23D7C3BE000E3DFC /* SDKApp.app */,
				9EFAA324262E217F00632EF4 /* SDKAppTests.xctest */,
			);
			name = Products;
			sourceTree = "<group>";
		};
		9E655E3624A5174D00B21355 /* BaseSDK */ = {
			isa = PBXGroup;
			children = (
				9E0EFCE929A9080A00E62EA1 /* VideoCameraPhotos */,
				9E9EBEBA24A52CBA004645EB /* Assets.xcassets */,
				9E655E4124A5174D00B21355 /* AppDelegate.swift */,
				9E2BA23624A15A6900720B58 /* Info.plist */,
				9E9EBEB724A5299A004645EB /* Launch Screen.storyboard */,
			);
			path = BaseSDK;
			sourceTree = "<group>";
		};
/* End PBXGroup section */

/* Begin PBXNativeTarget section */
		9E4038AD23D7C3BE000E3DFC /* RemodelAISDK */ = {
			isa = PBXNativeTarget;
			buildConfigurationList = 9E4038C223D7C3BF000E3DFC /* Build configuration list for PBXNativeTarget "RemodelAISDK" */;
			buildPhases = (
				9E4038AA23D7C3BE000E3DFC /* Sources */,
				9E4038AB23D7C3BE000E3DFC /* Frameworks */,
				9E4038AC23D7C3BE000E3DFC /* Resources */,
				9E14532327CE9AFA00D8CB44 /* Embed Frameworks */,
			);
			buildRules = (
			);
			dependencies = (
			);
			name = RemodelAISDK;
			packageProductDependencies = (
				58C8B2992E098B07003282B8 /* PassioRemodelAISDK */,
			);
			productName = AppModule;
			productReference = 9E4038AE23D7C3BE000E3DFC /* SDKApp.app */;
			productType = "com.apple.product-type.application";
		};
		9EFAA323262E217F00632EF4 /* SDKAppTests */ = {
			isa = PBXNativeTarget;
			buildConfigurationList = 9EFAA32B262E217F00632EF4 /* Build configuration list for PBXNativeTarget "SDKAppTests" */;
			buildPhases = (
				9EFAA320262E217F00632EF4 /* Sources */,
				9EFAA321262E217F00632EF4 /* Frameworks */,
				9EFAA322262E217F00632EF4 /* Resources */,
			);
			buildRules = (
			);
			dependencies = (
				9EFAA32A262E217F00632EF4 /* PBXTargetDependency */,
			);
			name = SDKAppTests;
			productName = SDKAppTests;
			productReference = 9EFAA324262E217F00632EF4 /* SDKAppTests.xctest */;
			productType = "com.apple.product-type.bundle.unit-test";
		};
/* End PBXNativeTarget section */

/* Begin PBXProject section */
		9E4038A623D7C3BE000E3DFC /* Project object */ = {
			isa = PBXProject;
			attributes = {
				BuildIndependentTargetsInParallel = YES;
				LastSwiftUpdateCheck = 1240;
				LastUpgradeCheck = 1430;
				ORGANIZATIONNAME = "Passio Inc";
				TargetAttributes = {
					9E4038AD23D7C3BE000E3DFC = {
						CreatedOnToolsVersion = 11.3.1;
					};
					9EFAA323262E217F00632EF4 = {
						CreatedOnToolsVersion = 12.4;
						TestTargetID = 9E4038AD23D7C3BE000E3DFC;
					};
				};
			};
			buildConfigurationList = 9E4038A923D7C3BE000E3DFC /* Build configuration list for PBXProject "RemodelAISDK" */;
			compatibilityVersion = "Xcode 12.0";
			developmentRegion = en;
			hasScannedForEncodings = 0;
			knownRegions = (
				en,
				Base,
				de,
			);
			mainGroup = 9E4038A523D7C3BE000E3DFC;
			packageReferences = (
				58C8B2962E06E5E0003282B8 /* XCLocalSwiftPackageReference "../../Passio-Remodel-AI-iOS-SDK-Distribution" */,
			);
			productRefGroup = 9E4038AF23D7C3BE000E3DFC /* Products */;
			projectDirPath = "";
			projectRoot = "";
			targets = (
				9E4038AD23D7C3BE000E3DFC /* RemodelAISDK */,
				9EFAA323262E217F00632EF4 /* SDKAppTests */,
			);
		};
/* End PBXProject section */

/* Begin PBXResourcesBuildPhase section */
		9E4038AC23D7C3BE000E3DFC /* Resources */ = {
			isa = PBXResourcesBuildPhase;
			buildActionMask = 2147483647;
			files = (
				9E0EFCEE29A9080A00E62EA1 /* VideoCameraPhotosViewController.xib in Resources */,
				9E0EFCF029A9080A00E62EA1 /* VCPTableViewCell.xib in Resources */,
				9E9EBEB924A5299A004645EB /* Launch Screen.storyboard in Resources */,
				9E9EBEBB24A52CBB004645EB /* Assets.xcassets in Resources */,
			);
			runOnlyForDeploymentPostprocessing = 0;
		};
		9EFAA322262E217F00632EF4 /* Resources */ = {
			isa = PBXResourcesBuildPhase;
			buildActionMask = 2147483647;
			files = (
			);
			runOnlyForDeploymentPostprocessing = 0;
		};
/* End PBXResourcesBuildPhase section */

/* Begin PBXSourcesBuildPhase section */
		9E4038AA23D7C3BE000E3DFC /* Sources */ = {
			isa = PBXSourcesBuildPhase;
			buildActionMask = 2147483647;
			files = (
				9E0EFCF129A9080A00E62EA1 /* VideoCameraPhotosViewController.swift in Sources */,
				9E655E4A24A5174D00B21355 /* AppDelegate.swift in Sources */,
				9E0EFCEF29A9080A00E62EA1 /* VCPTableViewCell.swift in Sources */,
			);
			runOnlyForDeploymentPostprocessing = 0;
		};
		9EFAA320262E217F00632EF4 /* Sources */ = {
			isa = PBXSourcesBuildPhase;
			buildActionMask = 2147483647;
			files = (
			);
			runOnlyForDeploymentPostprocessing = 0;
		};
/* End PBXSourcesBuildPhase section */

/* Begin PBXTargetDependency section */
		9EFAA32A262E217F00632EF4 /* PBXTargetDependency */ = {
			isa = PBXTargetDependency;
			target = 9E4038AD23D7C3BE000E3DFC /* RemodelAISDK */;
			targetProxy = 9EFAA329262E217F00632EF4 /* PBXContainerItemProxy */;
		};
/* End PBXTargetDependency section */

/* Begin PBXVariantGroup section */
		9E9EBEB724A5299A004645EB /* Launch Screen.storyboard */ = {
			isa = PBXVariantGroup;
			children = (
				9E9EBEB824A5299A004645EB /* Base */,
			);
			name = "Launch Screen.storyboard";
			sourceTree = "<group>";
		};
/* End PBXVariantGroup section */

/* Begin XCBuildConfiguration section */
		9E4038C023D7C3BF000E3DFC /* Debug */ = {
			isa = XCBuildConfiguration;
			buildSettings = {
				ALWAYS_SEARCH_USER_PATHS = NO;
				CLANG_ANALYZER_LOCALIZABILITY_NONLOCALIZED = YES;
				CLANG_ANALYZER_NONNULL = YES;
				CLANG_ANALYZER_NUMBER_OBJECT_CONVERSION = YES_AGGRESSIVE;
				CLANG_CXX_LANGUAGE_STANDARD = "gnu++14";
				CLANG_CXX_LIBRARY = "libc++";
				CLANG_ENABLE_MODULES = YES;
				CLANG_ENABLE_OBJC_ARC = YES;
				CLANG_ENABLE_OBJC_WEAK = YES;
				CLANG_WARN_BLOCK_CAPTURE_AUTORELEASING = YES;
				CLANG_WARN_BOOL_CONVERSION = YES;
				CLANG_WARN_COMMA = YES;
				CLANG_WARN_CONSTANT_CONVERSION = YES;
				CLANG_WARN_DEPRECATED_OBJC_IMPLEMENTATIONS = YES;
				CLANG_WARN_DIRECT_OBJC_ISA_USAGE = YES_ERROR;
				CLANG_WARN_DOCUMENTATION_COMMENTS = YES;
				CLANG_WARN_EMPTY_BODY = YES;
				CLANG_WARN_ENUM_CONVERSION = YES;
				CLANG_WARN_INFINITE_RECURSION = YES;
				CLANG_WARN_INT_CONVERSION = YES;
				CLANG_WARN_NON_LITERAL_NULL_CONVERSION = YES;
				CLANG_WARN_OBJC_IMPLICIT_RETAIN_SELF = YES;
				CLANG_WARN_OBJC_LITERAL_CONVERSION = YES;
				CLANG_WARN_OBJC_ROOT_CLASS = YES_ERROR;
				CLANG_WARN_QUOTED_INCLUDE_IN_FRAMEWORK_HEADER = YES;
				CLANG_WARN_RANGE_LOOP_ANALYSIS = YES;
				CLANG_WARN_STRICT_PROTOTYPES = YES;
				CLANG_WARN_SUSPICIOUS_MOVE = YES;
				CLANG_WARN_UNGUARDED_AVAILABILITY = YES_AGGRESSIVE;
				CLANG_WARN_UNREACHABLE_CODE = YES;
				CLANG_WARN__DUPLICATE_METHOD_MATCH = YES;
				COPY_PHASE_STRIP = NO;
				DEBUG_INFORMATION_FORMAT = dwarf;
				ENABLE_STRICT_OBJC_MSGSEND = YES;
				ENABLE_TESTABILITY = YES;
				GCC_C_LANGUAGE_STANDARD = gnu11;
				GCC_DYNAMIC_NO_PIC = NO;
				GCC_NO_COMMON_BLOCKS = YES;
				GCC_OPTIMIZATION_LEVEL = 0;
				GCC_PREPROCESSOR_DEFINITIONS = (
					"DEBUG=1",
					"$(inherited)",
				);
				GCC_WARN_64_TO_32_BIT_CONVERSION = YES;
				GCC_WARN_ABOUT_RETURN_TYPE = YES_ERROR;
				GCC_WARN_UNDECLARED_SELECTOR = YES;
				GCC_WARN_UNINITIALIZED_AUTOS = YES_AGGRESSIVE;
				GCC_WARN_UNUSED_FUNCTION = YES;
				GCC_WARN_UNUSED_VARIABLE = YES;
				IPHONEOS_DEPLOYMENT_TARGET = 13.0;
				MTL_ENABLE_DEBUG_INFO = INCLUDE_SOURCE;
				MTL_FAST_MATH = YES;
				ONLY_ACTIVE_ARCH = YES;
				SDKROOT = iphoneos;
				SWIFT_ACTIVE_COMPILATION_CONDITIONS = DEBUG;
				SWIFT_OPTIMIZATION_LEVEL = "-Onone";
			};
			name = Debug;
		};
		9E4038C123D7C3BF000E3DFC /* Release */ = {
			isa = XCBuildConfiguration;
			buildSettings = {
				ALWAYS_SEARCH_USER_PATHS = NO;
				CLANG_ANALYZER_LOCALIZABILITY_NONLOCALIZED = YES;
				CLANG_ANALYZER_NONNULL = YES;
				CLANG_ANALYZER_NUMBER_OBJECT_CONVERSION = YES_AGGRESSIVE;
				CLANG_CXX_LANGUAGE_STANDARD = "gnu++14";
				CLANG_CXX_LIBRARY = "libc++";
				CLANG_ENABLE_MODULES = YES;
				CLANG_ENABLE_OBJC_ARC = YES;
				CLANG_ENABLE_OBJC_WEAK = YES;
				CLANG_WARN_BLOCK_CAPTURE_AUTORELEASING = YES;
				CLANG_WARN_BOOL_CONVERSION = YES;
				CLANG_WARN_COMMA = YES;
				CLANG_WARN_CONSTANT_CONVERSION = YES;
				CLANG_WARN_DEPRECATED_OBJC_IMPLEMENTATIONS = YES;
				CLANG_WARN_DIRECT_OBJC_ISA_USAGE = YES_ERROR;
				CLANG_WARN_DOCUMENTATION_COMMENTS = YES;
				CLANG_WARN_EMPTY_BODY = YES;
				CLANG_WARN_ENUM_CONVERSION = YES;
				CLANG_WARN_INFINITE_RECURSION = YES;
				CLANG_WARN_INT_CONVERSION = YES;
				CLANG_WARN_NON_LITERAL_NULL_CONVERSION = YES;
				CLANG_WARN_OBJC_IMPLICIT_RETAIN_SELF = YES;
				CLANG_WARN_OBJC_LITERAL_CONVERSION = YES;
				CLANG_WARN_OBJC_ROOT_CLASS = YES_ERROR;
				CLANG_WARN_QUOTED_INCLUDE_IN_FRAMEWORK_HEADER = YES;
				CLANG_WARN_RANGE_LOOP_ANALYSIS = YES;
				CLANG_WARN_STRICT_PROTOTYPES = YES;
				CLANG_WARN_SUSPICIOUS_MOVE = YES;
				CLANG_WARN_UNGUARDED_AVAILABILITY = YES_AGGRESSIVE;
				CLANG_WARN_UNREACHABLE_CODE = YES;
				CLANG_WARN__DUPLICATE_METHOD_MATCH = YES;
				COPY_PHASE_STRIP = NO;
				DEBUG_INFORMATION_FORMAT = "dwarf-with-dsym";
				ENABLE_NS_ASSERTIONS = NO;
				ENABLE_STRICT_OBJC_MSGSEND = YES;
				GCC_C_LANGUAGE_STANDARD = gnu11;
				GCC_NO_COMMON_BLOCKS = YES;
				GCC_WARN_64_TO_32_BIT_CONVERSION = YES;
				GCC_WARN_ABOUT_RETURN_TYPE = YES_ERROR;
				GCC_WARN_UNDECLARED_SELECTOR = YES;
				GCC_WARN_UNINITIALIZED_AUTOS = YES_AGGRESSIVE;
				GCC_WARN_UNUSED_FUNCTION = YES;
				GCC_WARN_UNUSED_VARIABLE = YES;
				IPHONEOS_DEPLOYMENT_TARGET = 13.0;
				MTL_ENABLE_DEBUG_INFO = NO;
				MTL_FAST_MATH = YES;
				SDKROOT = iphoneos;
				SWIFT_COMPILATION_MODE = wholemodule;
				SWIFT_OPTIMIZATION_LEVEL = "-O";
				VALIDATE_PRODUCT = YES;
			};
			name = Release;
		};
		9E4038C323D7C3BF000E3DFC /* Debug */ = {
			isa = XCBuildConfiguration;
			buildSettings = {
				ASSETCATALOG_COMPILER_APPICON_NAME = AppIcon;
				CODE_SIGN_IDENTITY = "Apple Development";
				CODE_SIGN_STYLE = Automatic;
				CURRENT_PROJECT_VERSION = 1;
				DEVELOPMENT_TEAM = LCT9TTNDNR;
				INFOPLIST_FILE = "$(SRCROOT)/BaseSDK/Info.plist";
				INFOPLIST_KEY_CFBundleDisplayName = "Remodel AI";
				IPHONEOS_DEPLOYMENT_TARGET = 13.0;
				LD_RUNPATH_SEARCH_PATHS = (
					"$(inherited)",
					"@executable_path/Frameworks",
				);
				MARKETING_VERSION = 2.3.4;
				PRODUCT_BUNDLE_IDENTIFIER = com.passiolife.remodelAISDKDemo;
				PRODUCT_NAME = SDKApp;
				PROVISIONING_PROFILE_SPECIFIER = "";
				SUPPORTED_PLATFORMS = "iphoneos iphonesimulator";
				SUPPORTS_MACCATALYST = NO;
				SUPPORTS_MAC_DESIGNED_FOR_IPHONE_IPAD = NO;
				SWIFT_VERSION = 5.0;
				TARGETED_DEVICE_FAMILY = 1;
			};
			name = Debug;
		};
		9E4038C423D7C3BF000E3DFC /* Release */ = {
			isa = XCBuildConfiguration;
			buildSettings = {
				ASSETCATALOG_COMPILER_APPICON_NAME = AppIcon;
				CODE_SIGN_IDENTITY = "Apple Development";
				CODE_SIGN_STYLE = Automatic;
				CURRENT_PROJECT_VERSION = 1;
				DEVELOPMENT_TEAM = LCT9TTNDNR;
				INFOPLIST_FILE = "$(SRCROOT)/BaseSDK/Info.plist";
				INFOPLIST_KEY_CFBundleDisplayName = "Remodel AI";
				IPHONEOS_DEPLOYMENT_TARGET = 13.0;
				LD_RUNPATH_SEARCH_PATHS = (
					"$(inherited)",
					"@executable_path/Frameworks",
				);
				MARKETING_VERSION = 2.3.4;
				PRODUCT_BUNDLE_IDENTIFIER = com.passiolife.remodelAISDKDemo;
				PRODUCT_NAME = SDKApp;
				PROVISIONING_PROFILE_SPECIFIER = "";
				SUPPORTED_PLATFORMS = "iphoneos iphonesimulator";
				SUPPORTS_MACCATALYST = NO;
				SUPPORTS_MAC_DESIGNED_FOR_IPHONE_IPAD = NO;
				SWIFT_VERSION = 5.0;
				TARGETED_DEVICE_FAMILY = 1;
			};
			name = Release;
		};
		9EFAA32C262E217F00632EF4 /* Debug */ = {
			isa = XCBuildConfiguration;
			buildSettings = {
				BUNDLE_LOADER = "$(TEST_HOST)";
				CODE_SIGN_STYLE = Automatic;
				DEVELOPMENT_TEAM = LCT9TTNDNR;
				INFOPLIST_FILE = SDKAppTests/Info.plist;
				IPHONEOS_DEPLOYMENT_TARGET = 14.1;
				LD_RUNPATH_SEARCH_PATHS = (
					"$(inherited)",
					"@executable_path/Frameworks",
					"@loader_path/Frameworks",
				);
				PRODUCT_BUNDLE_IDENTIFIER = com.passio.SDKAppTests;
				PRODUCT_NAME = "$(TARGET_NAME)";
				SWIFT_VERSION = 5.0;
				TARGETED_DEVICE_FAMILY = "1,2";
				TEST_HOST = "$(BUILT_PRODUCTS_DIR)/SDKApp.app/SDKApp";
			};
			name = Debug;
		};
		9EFAA32D262E217F00632EF4 /* Release */ = {
			isa = XCBuildConfiguration;
			buildSettings = {
				BUNDLE_LOADER = "$(TEST_HOST)";
				CODE_SIGN_STYLE = Automatic;
				DEVELOPMENT_TEAM = LCT9TTNDNR;
				INFOPLIST_FILE = SDKAppTests/Info.plist;
				IPHONEOS_DEPLOYMENT_TARGET = 14.1;
				LD_RUNPATH_SEARCH_PATHS = (
					"$(inherited)",
					"@executable_path/Frameworks",
					"@loader_path/Frameworks",
				);
				PRODUCT_BUNDLE_IDENTIFIER = com.passio.SDKAppTests;
				PRODUCT_NAME = "$(TARGET_NAME)";
				SWIFT_VERSION = 5.0;
				TARGETED_DEVICE_FAMILY = "1,2";
				TEST_HOST = "$(BUILT_PRODUCTS_DIR)/SDKApp.app/SDKApp";
			};
			name = Release;
		};
/* End XCBuildConfiguration section */

/* Begin XCConfigurationList section */
		9E4038A923D7C3BE000E3DFC /* Build configuration list for PBXProject "RemodelAISDK" */ = {
			isa = XCConfigurationList;
			buildConfigurations = (
				9E4038C023D7C3BF000E3DFC /* Debug */,
				9E4038C123D7C3BF000E3DFC /* Release */,
			);
			defaultConfigurationIsVisible = 0;
			defaultConfigurationName = Release;
		};
		9E4038C223D7C3BF000E3DFC /* Build configuration list for PBXNativeTarget "RemodelAISDK" */ = {
			isa = XCConfigurationList;
			buildConfigurations = (
				9E4038C323D7C3BF000E3DFC /* Debug */,
				9E4038C423D7C3BF000E3DFC /* Release */,
			);
			defaultConfigurationIsVisible = 0;
			defaultConfigurationName = Release;
		};
		9EFAA32B262E217F00632EF4 /* Build configuration list for PBXNativeTarget "SDKAppTests" */ = {
			isa = XCConfigurationList;
			buildConfigurations = (
				9EFAA32C262E217F00632EF4 /* Debug */,
				9EFAA32D262E217F00632EF4 /* Release */,
			);
			defaultConfigurationIsVisible = 0;
			defaultConfigurationName = Release;
		};
/* End XCConfigurationList section */

/* Begin XCLocalSwiftPackageReference section */
		58C8B2962E06E5E0003282B8 /* XCLocalSwiftPackageReference "../../Passio-Remodel-AI-iOS-SDK-Distribution" */ = {
			isa = XCLocalSwiftPackageReference;
			relativePath = "../../Passio-Remodel-AI-iOS-SDK-Distribution";
		};
/* End XCLocalSwiftPackageReference section */

/* Begin XCSwiftPackageProductDependency section */
		58C8B2992E098B07003282B8 /* PassioRemodelAISDK */ = {
			isa = XCSwiftPackageProductDependency;
			package = 58C8B2962E06E5E0003282B8 /* XCLocalSwiftPackageReference "../../Passio-Remodel-AI-iOS-SDK-Distribution" */;
			productName = PassioRemodelAISDK;
		};
/* End XCSwiftPackageProductDependency section */
	};
	rootObject = 9E4038A623D7C3BE000E3DFC /* Project object */;
}
